
Microsoft Visual Studio Solution File, Format Version 12.00
# Visual Studio Version 16
VisualStudioVersion = 16.0.33529.622
MinimumVisualStudioVersion = 10.0.40219.1
Project("{FAE04EC0-301F-11D3-BF4B-00C04F79EFBC}") = "LoginPages", "LoginPages\LoginPages.csproj", "{304BB968-15D7-4242-A51A-1E38452AD2E6}"
EndProject
Global
	GlobalSection(SolutionConfigurationPlatforms) = preSolution
		Debug|Any CPU = Debug|Any CPU
		Release|Any CPU = Release|Any CPU
	EndGlobalSection
	GlobalSection(ProjectConfigurationPlatforms) = postSolution
		{304BB968-15D7-4242-A51A-1E38452AD2E6}.Debug|Any CPU.ActiveCfg = Debug|Any CPU
		{304BB968-15D7-4242-A51A-1E38452AD2E6}.Debug|Any CPU.Build.0 = Debug|Any CPU
		{304BB968-15D7-4242-A51A-1E38452AD2E6}.Release|Any CPU.ActiveCfg = Release|Any CPU
		{304BB968-15D7-4242-A51A-1E38452AD2E6}.Release|Any CPU.Build.0 = Release|Any CPU
	EndGlobalSection
	GlobalSection(SolutionProperties) = preSolution
		HideSolutionNode = FALSE
	EndGlobalSection
	GlobalSection(ExtensibilityGlobals) = postSolution
		SolutionGuid = {F3D29CC3-C78D-4163-A275-C0CADF7ABC8C}
	EndGlobalSection
EndGlobal
